
Microsoft Visual Studio Solution File, Format Version 12.00
# Visual Studio 15
VisualStudioVersion = 15.0.26730.16
MinimumVisualStudioVersion = 10.0.40219.1
Project("{FAE04EC0-301F-11D3-BF4B-00C04F79EFBC}") = "MOUNB.WEB", "MOUNB.WEB\MOUNB.WEB.csproj", "{FE63B06E-E890-43FB-A6A0-A9267F6DB0B7}"
EndProject
Project("{FAE04EC0-301F-11D3-BF4B-00C04F79EFBC}") = "MOUNB.WEB.Tests", "MOUNB.WEB.Tests\MOUNB.WEB.Tests.csproj", "{2EBCF133-1EAC-4430-A434-25B2D32A51F0}"
EndProject
Global
	GlobalSection(SolutionConfigurationPlatforms) = preSolution
		Debug|Any CPU = Debug|Any CPU
		Release|Any CPU = Release|Any CPU
	EndGlobalSection
	GlobalSection(ProjectConfigurationPlatforms) = postSolution
		{FE63B06E-E890-43FB-A6A0-A9267F6DB0B7}.Debug|Any CPU.ActiveCfg = Debug|Any CPU
		{FE63B06E-E890-43FB-A6A0-A9267F6DB0B7}.Debug|Any CPU.Build.0 = Debug|Any CPU
		{FE63B06E-E890-43FB-A6A0-A9267F6DB0B7}.Release|Any CPU.ActiveCfg = Release|Any CPU
		{FE63B06E-E890-43FB-A6A0-A9267F6DB0B7}.Release|Any CPU.Build.0 = Release|Any CPU
		{2EBCF133-1EAC-4430-A434-25B2D32A51F0}.Debug|Any CPU.ActiveCfg = Debug|Any CPU
		{2EBCF133-1EAC-4430-A434-25B2D32A51F0}.Debug|Any CPU.Build.0 = Debug|Any CPU
		{2EBCF133-1EAC-4430-A434-25B2D32A51F0}.Release|Any CPU.ActiveCfg = Release|Any CPU
		{2EBCF133-1EAC-4430-A434-25B2D32A51F0}.Release|Any CPU.Build.0 = Release|Any CPU
	EndGlobalSection
	GlobalSection(SolutionProperties) = preSolution
		HideSolutionNode = FALSE
	EndGlobalSection
	GlobalSection(ExtensibilityGlobals) = postSolution
		SolutionGuid = {3CB2E097-C32C-4785-A65C-484040C89230}
	EndGlobalSection
EndGlobal
